
Microsoft Visual Studio Solution File, Format Version 12.00
# Visual Studio Version 17
VisualStudioVersion = 17.9.34728.123
MinimumVisualStudioVersion = 10.0.40219.1
Project("{FAE04EC0-301F-11D3-BF4B-00C04F79EFBC}") = "LibraryManagement.Presentation", "LibraryManagement\LibraryManagement.Presentation.csproj", "{0676C289-AA36-4879-AF13-7C87E5DC6422}"
EndProject
Project("{FAE04EC0-301F-11D3-BF4B-00C04F79EFBC}") = "LibraryManagement.Core", "LibraryManagement.Core\LibraryManagement.Core.csproj", "{C039F7E7-B30F-4934-BFBA-5D02D79B7B6E}"
EndProject
Project("{FAE04EC0-301F-11D3-BF4B-00C04F79EFBC}") = "LibraryManagement.Application", "LibraryManagement.Application\LibraryManagement.Application.csproj", "{273326AF-B644-43D7-B92F-68B640E82B61}"
EndProject
Project("{FAE04EC0-301F-11D3-BF4B-00C04F79EFBC}") = "LibraryManagement.Infrastructure", "LibraryManagement.Infrastructure\LibraryManagement.Infrastructure.csproj", "{C54D32E6-ABBE-409C-80A2-7D5BB3275231}"
EndProject
Global
	GlobalSection(SolutionConfigurationPlatforms) = preSolution
		Debug|Any CPU = Debug|Any CPU
		Release|Any CPU = Release|Any CPU
	EndGlobalSection
	GlobalSection(ProjectConfigurationPlatforms) = postSolution
		{0676C289-AA36-4879-AF13-7C87E5DC6422}.Debug|Any CPU.ActiveCfg = Debug|Any CPU
		{0676C289-AA36-4879-AF13-7C87E5DC6422}.Debug|Any CPU.Build.0 = Debug|Any CPU
		{0676C289-AA36-4879-AF13-7C87E5DC6422}.Release|Any CPU.ActiveCfg = Release|Any CPU
		{0676C289-AA36-4879-AF13-7C87E5DC6422}.Release|Any CPU.Build.0 = Release|Any CPU
		{C039F7E7-B30F-4934-BFBA-5D02D79B7B6E}.Debug|Any CPU.ActiveCfg = Debug|Any CPU
		{C039F7E7-B30F-4934-BFBA-5D02D79B7B6E}.Debug|Any CPU.Build.0 = Debug|Any CPU
		{C039F7E7-B30F-4934-BFBA-5D02D79B7B6E}.Release|Any CPU.ActiveCfg = Release|Any CPU
		{C039F7E7-B30F-4934-BFBA-5D02D79B7B6E}.Release|Any CPU.Build.0 = Release|Any CPU
		{273326AF-B644-43D7-B92F-68B640E82B61}.Debug|Any CPU.ActiveCfg = Debug|Any CPU
		{273326AF-B644-43D7-B92F-68B640E82B61}.Debug|Any CPU.Build.0 = Debug|Any CPU
		{273326AF-B644-43D7-B92F-68B640E82B61}.Release|Any CPU.ActiveCfg = Release|Any CPU
		{273326AF-B644-43D7-B92F-68B640E82B61}.Release|Any CPU.Build.0 = Release|Any CPU
		{C54D32E6-ABBE-409C-80A2-7D5BB3275231}.Debug|Any CPU.ActiveCfg = Debug|Any CPU
		{C54D32E6-ABBE-409C-80A2-7D5BB3275231}.Debug|Any CPU.Build.0 = Debug|Any CPU
		{C54D32E6-ABBE-409C-80A2-7D5BB3275231}.Release|Any CPU.ActiveCfg = Release|Any CPU
		{C54D32E6-ABBE-409C-80A2-7D5BB3275231}.Release|Any CPU.Build.0 = Release|Any CPU
	EndGlobalSection
	GlobalSection(SolutionProperties) = preSolution
		HideSolutionNode = FALSE
	EndGlobalSection
	GlobalSection(ExtensibilityGlobals) = postSolution
		SolutionGuid = {0D22DC4C-0208-4703-927F-A5F11191FCA9}
	EndGlobalSection
EndGlobal
